// !$*UTF8*$!
{
	archiveVersion = 1;
	classes = {
	};
	objectVersion = 50;
	objects = {

/* Begin PBXBuildFile section */
		84397449233A9D1400D8A1B4 /* AppDelegate.swift in Sources */ = {isa = PBXBuildFile; fileRef = 84397448233A9D1400D8A1B4 /* AppDelegate.swift */; };
		8439744B233A9D1400D8A1B4 /* SceneDelegate.swift in Sources */ = {isa = PBXBuildFile; fileRef = 8439744A233A9D1400D8A1B4 /* SceneDelegate.swift */; };
		8439744D233A9D1400D8A1B4 /* HomePageViewController.swift in Sources */ = {isa = PBXBuildFile; fileRef = 8439744C233A9D1400D8A1B4 /* HomePageViewController.swift */; };
		84397450233A9D1400D8A1B4 /* Main.storyboard in Resources */ = {isa = PBXBuildFile; fileRef = 8439744E233A9D1400D8A1B4 /* Main.storyboard */; };
		84397453233A9D1400D8A1B4 /* iAdopt.xcdatamodeld in Sources */ = {isa = PBXBuildFile; fileRef = 84397451233A9D1400D8A1B4 /* iAdopt.xcdatamodeld */; };
		84397455233A9D1500D8A1B4 /* Assets.xcassets in Resources */ = {isa = PBXBuildFile; fileRef = 84397454233A9D1500D8A1B4 /* Assets.xcassets */; };
		84397458233A9D1500D8A1B4 /* LaunchScreen.storyboard in Resources */ = {isa = PBXBuildFile; fileRef = 84397456233A9D1500D8A1B4 /* LaunchScreen.storyboard */; };
		84397460233AAF7D00D8A1B4 /* README.md in Resources */ = {isa = PBXBuildFile; fileRef = 8439745F233AAF7D00D8A1B4 /* README.md */; };
		84397462233AB18900D8A1B4 /* .gitignore in Resources */ = {isa = PBXBuildFile; fileRef = 84397461233AB18900D8A1B4 /* .gitignore */; };
		845E453B233FFD08005FEBA1 /* PetTableViewCell.swift in Sources */ = {isa = PBXBuildFile; fileRef = 845E4539233FFD08005FEBA1 /* PetTableViewCell.swift */; };
		845E453C233FFD08005FEBA1 /* PetTableViewCell.xib in Resources */ = {isa = PBXBuildFile; fileRef = 845E453A233FFD08005FEBA1 /* PetTableViewCell.xib */; };
		84816513233ED16100EE0435 /* UIViewController+Extension.swift in Sources */ = {isa = PBXBuildFile; fileRef = 84816512233ED16100EE0435 /* UIViewController+Extension.swift */; };
		8484447D233BED4300F0C3C1 /* PetSearchViewController.swift in Sources */ = {isa = PBXBuildFile; fileRef = 8484447C233BED4300F0C3C1 /* PetSearchViewController.swift */; };
		84844483233BED9C00F0C3C1 /* PetFavoritesViewController.swift in Sources */ = {isa = PBXBuildFile; fileRef = 84844482233BED9C00F0C3C1 /* PetFavoritesViewController.swift */; };
		84844485233BFB5400F0C3C1 /* Constants.swift in Sources */ = {isa = PBXBuildFile; fileRef = 84844484233BFB5400F0C3C1 /* Constants.swift */; };
		8497B79C2341208F0007AE2D /* PetSearchResultsViewController.swift in Sources */ = {isa = PBXBuildFile; fileRef = 8497B79B2341208F0007AE2D /* PetSearchResultsViewController.swift */; };
		8497B79F23414FBC0007AE2D /* PetSearchResultsViewController+UITableView.swift in Sources */ = {isa = PBXBuildFile; fileRef = 8497B79E23414FBC0007AE2D /* PetSearchResultsViewController+UITableView.swift */; };
		84D8DC49233D3916007A4451 /* HttpClientProtocol.swift in Sources */ = {isa = PBXBuildFile; fileRef = 84D8DC48233D3916007A4451 /* HttpClientProtocol.swift */; };
		84D8DC4B233D3E55007A4451 /* HttpClient.swift in Sources */ = {isa = PBXBuildFile; fileRef = 84D8DC4A233D3E55007A4451 /* HttpClient.swift */; };
		84D8DC4F233D7A37007A4451 /* HttpClient+Constants.swift in Sources */ = {isa = PBXBuildFile; fileRef = 84D8DC4E233D7A37007A4451 /* HttpClient+Constants.swift */; };
		84D8DC51233D7A84007A4451 /* GetYourPetClientProtocol.swift in Sources */ = {isa = PBXBuildFile; fileRef = 84D8DC50233D7A84007A4451 /* GetYourPetClientProtocol.swift */; };
		84D8DC53233E7871007A4451 /* GetYourPetClient.swift in Sources */ = {isa = PBXBuildFile; fileRef = 84D8DC52233E7871007A4451 /* GetYourPetClient.swift */; };
		84D8DC55233E83CB007A4451 /* GetYourPetClient+Constants.swift in Sources */ = {isa = PBXBuildFile; fileRef = 84D8DC54233E83CB007A4451 /* GetYourPetClient+Constants.swift */; };
		84D8DC59233E8E2B007A4451 /* Pet.swift in Sources */ = {isa = PBXBuildFile; fileRef = 84D8DC58233E8E2B007A4451 /* Pet.swift */; };
		84D8DC5B233E8E40007A4451 /* GetYourPetErrorResponse.swift in Sources */ = {isa = PBXBuildFile; fileRef = 84D8DC5A233E8E40007A4451 /* GetYourPetErrorResponse.swift */; };
		84D8DC5F233E9C5D007A4451 /* GetYourPetRequest.swift in Sources */ = {isa = PBXBuildFile; fileRef = 84D8DC5E233E9C5D007A4451 /* GetYourPetRequest.swift */; };
/* End PBXBuildFile section */

/* Begin PBXFileReference section */
		84397445233A9D1400D8A1B4 /* iAdopt.app */ = {isa = PBXFileReference; explicitFileType = wrapper.application; includeInIndex = 0; path = iAdopt.app; sourceTree = BUILT_PRODUCTS_DIR; };
		84397448233A9D1400D8A1B4 /* AppDelegate.swift */ = {isa = PBXFileReference; lastKnownFileType = sourcecode.swift; path = AppDelegate.swift; sourceTree = "<group>"; };
		8439744A233A9D1400D8A1B4 /* SceneDelegate.swift */ = {isa = PBXFileReference; lastKnownFileType = sourcecode.swift; path = SceneDelegate.swift; sourceTree = "<group>"; };
		8439744C233A9D1400D8A1B4 /* HomePageViewController.swift */ = {isa = PBXFileReference; lastKnownFileType = sourcecode.swift; path = HomePageViewController.swift; sourceTree = "<group>"; };
		8439744F233A9D1400D8A1B4 /* Base */ = {isa = PBXFileReference; lastKnownFileType = file.storyboard; name = Base; path = Base.lproj/Main.storyboard; sourceTree = "<group>"; };
		84397452233A9D1400D8A1B4 /* iAdopt.xcdatamodel */ = {isa = PBXFileReference; lastKnownFileType = wrapper.xcdatamodel; path = iAdopt.xcdatamodel; sourceTree = "<group>"; };
		84397454233A9D1500D8A1B4 /* Assets.xcassets */ = {isa = PBXFileReference; lastKnownFileType = folder.assetcatalog; path = Assets.xcassets; sourceTree = "<group>"; };
		84397457233A9D1500D8A1B4 /* Base */ = {isa = PBXFileReference; lastKnownFileType = file.storyboard; name = Base; path = Base.lproj/LaunchScreen.storyboard; sourceTree = "<group>"; };
		84397459233A9D1500D8A1B4 /* Info.plist */ = {isa = PBXFileReference; lastKnownFileType = text.plist.xml; path = Info.plist; sourceTree = "<group>"; };
		8439745F233AAF7D00D8A1B4 /* README.md */ = {isa = PBXFileReference; lastKnownFileType = net.daringfireball.markdown; path = README.md; sourceTree = "<group>"; };
		84397461233AB18900D8A1B4 /* .gitignore */ = {isa = PBXFileReference; lastKnownFileType = text; path = .gitignore; sourceTree = "<group>"; };
		845E4539233FFD08005FEBA1 /* PetTableViewCell.swift */ = {isa = PBXFileReference; lastKnownFileType = sourcecode.swift; path = PetTableViewCell.swift; sourceTree = "<group>"; };
		845E453A233FFD08005FEBA1 /* PetTableViewCell.xib */ = {isa = PBXFileReference; lastKnownFileType = file.xib; path = PetTableViewCell.xib; sourceTree = "<group>"; };
		84816512233ED16100EE0435 /* UIViewController+Extension.swift */ = {isa = PBXFileReference; lastKnownFileType = sourcecode.swift; path = "UIViewController+Extension.swift"; sourceTree = "<group>"; };
		8484447C233BED4300F0C3C1 /* PetSearchViewController.swift */ = {isa = PBXFileReference; lastKnownFileType = sourcecode.swift; path = PetSearchViewController.swift; sourceTree = "<group>"; };
		84844482233BED9C00F0C3C1 /* PetFavoritesViewController.swift */ = {isa = PBXFileReference; lastKnownFileType = sourcecode.swift; path = PetFavoritesViewController.swift; sourceTree = "<group>"; };
		84844484233BFB5400F0C3C1 /* Constants.swift */ = {isa = PBXFileReference; lastKnownFileType = sourcecode.swift; path = Constants.swift; sourceTree = "<group>"; };
		8497B79B2341208F0007AE2D /* PetSearchResultsViewController.swift */ = {isa = PBXFileReference; lastKnownFileType = sourcecode.swift; path = PetSearchResultsViewController.swift; sourceTree = "<group>"; };
		8497B79E23414FBC0007AE2D /* PetSearchResultsViewController+UITableView.swift */ = {isa = PBXFileReference; lastKnownFileType = sourcecode.swift; path = "PetSearchResultsViewController+UITableView.swift"; sourceTree = "<group>"; };
		84D8DC48233D3916007A4451 /* HttpClientProtocol.swift */ = {isa = PBXFileReference; lastKnownFileType = sourcecode.swift; path = HttpClientProtocol.swift; sourceTree = "<group>"; };
		84D8DC4A233D3E55007A4451 /* HttpClient.swift */ = {isa = PBXFileReference; lastKnownFileType = sourcecode.swift; path = HttpClient.swift; sourceTree = "<group>"; };
		84D8DC4E233D7A37007A4451 /* HttpClient+Constants.swift */ = {isa = PBXFileReference; lastKnownFileType = sourcecode.swift; path = "HttpClient+Constants.swift"; sourceTree = "<group>"; };
		84D8DC50233D7A84007A4451 /* GetYourPetClientProtocol.swift */ = {isa = PBXFileReference; lastKnownFileType = sourcecode.swift; path = GetYourPetClientProtocol.swift; sourceTree = "<group>"; };
		84D8DC52233E7871007A4451 /* GetYourPetClient.swift */ = {isa = PBXFileReference; lastKnownFileType = sourcecode.swift; path = GetYourPetClient.swift; sourceTree = "<group>"; };
		84D8DC54233E83CB007A4451 /* GetYourPetClient+Constants.swift */ = {isa = PBXFileReference; lastKnownFileType = sourcecode.swift; path = "GetYourPetClient+Constants.swift"; sourceTree = "<group>"; };
		84D8DC58233E8E2B007A4451 /* Pet.swift */ = {isa = PBXFileReference; lastKnownFileType = sourcecode.swift; path = Pet.swift; sourceTree = "<group>"; };
		84D8DC5A233E8E40007A4451 /* GetYourPetErrorResponse.swift */ = {isa = PBXFileReference; lastKnownFileType = sourcecode.swift; path = GetYourPetErrorResponse.swift; sourceTree = "<group>"; };
		84D8DC5E233E9C5D007A4451 /* GetYourPetRequest.swift */ = {isa = PBXFileReference; lastKnownFileType = sourcecode.swift; name = GetYourPetRequest.swift; path = "/Users/brent/repos/iOS/udacity-projects/iAdopt/iAdopt/Networking/Get Your Pet Client/GetYourPetRequest.swift"; sourceTree = "<absolute>"; };
/* End PBXFileReference section */

/* Begin PBXFrameworksBuildPhase section */
		84397442233A9D1400D8A1B4 /* Frameworks */ = {
			isa = PBXFrameworksBuildPhase;
			buildActionMask = 2147483647;
			files = (
			);
			runOnlyForDeploymentPostprocessing = 0;
		};
/* End PBXFrameworksBuildPhase section */

/* Begin PBXGroup section */
		8439743C233A9D1300D8A1B4 = {
			isa = PBXGroup;
			children = (
				84397461233AB18900D8A1B4 /* .gitignore */,
				8439745F233AAF7D00D8A1B4 /* README.md */,
				84397447233A9D1400D8A1B4 /* iAdopt */,
				84397446233A9D1400D8A1B4 /* Products */,
			);
			sourceTree = "<group>";
		};
		84397446233A9D1400D8A1B4 /* Products */ = {
			isa = PBXGroup;
			children = (
				84397445233A9D1400D8A1B4 /* iAdopt.app */,
			);
			name = Products;
			sourceTree = "<group>";
		};
		84397447233A9D1400D8A1B4 /* iAdopt */ = {
			isa = PBXGroup;
			children = (
				84D8DC47233D2FC4007A4451 /* Networking */,
				84397464233AB41300D8A1B4 /* Model */,
				84397465233AB41B00D8A1B4 /* View */,
				84397466233AB42100D8A1B4 /* Controller */,
				84397463233AB3F700D8A1B4 /* Storyboards */,
				84397448233A9D1400D8A1B4 /* AppDelegate.swift */,
				8439744A233A9D1400D8A1B4 /* SceneDelegate.swift */,
				84397459233A9D1500D8A1B4 /* Info.plist */,
				84397454233A9D1500D8A1B4 /* Assets.xcassets */,
			);
			path = iAdopt;
			sourceTree = "<group>";
		};
		84397463233AB3F700D8A1B4 /* Storyboards */ = {
			isa = PBXGroup;
			children = (
				8439744E233A9D1400D8A1B4 /* Main.storyboard */,
				84397456233A9D1500D8A1B4 /* LaunchScreen.storyboard */,
			);
			path = Storyboards;
			sourceTree = "<group>";
		};
		84397464233AB41300D8A1B4 /* Model */ = {
			isa = PBXGroup;
			children = (
				84397451233A9D1400D8A1B4 /* iAdopt.xcdatamodeld */,
			);
			path = Model;
			sourceTree = "<group>";
		};
		84397465233AB41B00D8A1B4 /* View */ = {
			isa = PBXGroup;
			children = (
				84844484233BFB5400F0C3C1 /* Constants.swift */,
				84816512233ED16100EE0435 /* UIViewController+Extension.swift */,
				845E453D233FFD12005FEBA1 /* Pet Table View Cell */,
			);
			path = View;
			sourceTree = "<group>";
		};
		84397466233AB42100D8A1B4 /* Controller */ = {
			isa = PBXGroup;
			children = (
				8439744C233A9D1400D8A1B4 /* HomePageViewController.swift */,
				84844486233C215A00F0C3C1 /* Pet Search View Controller */,
				84844482233BED9C00F0C3C1 /* PetFavoritesViewController.swift */,
				8497B79D234121210007AE2D /* Pet Search Results Table View Controller */,
			);
			path = Controller;
			sourceTree = "<group>";
		};
		845E453D233FFD12005FEBA1 /* Pet Table View Cell */ = {
			isa = PBXGroup;
			children = (
				845E4539233FFD08005FEBA1 /* PetTableViewCell.swift */,
				845E453A233FFD08005FEBA1 /* PetTableViewCell.xib */,
			);
			path = "Pet Table View Cell";
			sourceTree = "<group>";
		};
		84816510233ECC3A00EE0435 /* Request */ = {
			isa = PBXGroup;
			children = (
				84D8DC5E233E9C5D007A4451 /* GetYourPetRequest.swift */,
			);
			path = Request;
			sourceTree = "<group>";
		};
		84816511233ECC4800EE0435 /* Response */ = {
			isa = PBXGroup;
			children = (
				84D8DC58233E8E2B007A4451 /* Pet.swift */,
				84D8DC5A233E8E40007A4451 /* GetYourPetErrorResponse.swift */,
			);
			path = Response;
			sourceTree = "<group>";
		};
		84844486233C215A00F0C3C1 /* Pet Search View Controller */ = {
			isa = PBXGroup;
			children = (
				8484447C233BED4300F0C3C1 /* PetSearchViewController.swift */,
			);
			path = "Pet Search View Controller";
			sourceTree = "<group>";
		};
		8497B79D234121210007AE2D /* Pet Search Results Table View Controller */ = {
			isa = PBXGroup;
			children = (
				8497B79B2341208F0007AE2D /* PetSearchResultsViewController.swift */,
				8497B79E23414FBC0007AE2D /* PetSearchResultsViewController+UITableView.swift */,
			);
			path = "Pet Search Results Table View Controller";
			sourceTree = "<group>";
		};
		84D8DC47233D2FC4007A4451 /* Networking */ = {
			isa = PBXGroup;
			children = (
				84D8DC4D233D5582007A4451 /* Get Your Pet Client */,
				84D8DC4C233D5570007A4451 /* Http Client */,
			);
			path = Networking;
			sourceTree = "<group>";
		};
		84D8DC4C233D5570007A4451 /* Http Client */ = {
			isa = PBXGroup;
			children = (
				84D8DC48233D3916007A4451 /* HttpClientProtocol.swift */,
				84D8DC4A233D3E55007A4451 /* HttpClient.swift */,
				84D8DC4E233D7A37007A4451 /* HttpClient+Constants.swift */,
			);
			path = "Http Client";
			sourceTree = "<group>";
		};
		84D8DC4D233D5582007A4451 /* Get Your Pet Client */ = {
			isa = PBXGroup;
			children = (
				84816511233ECC4800EE0435 /* Response */,
				84816510233ECC3A00EE0435 /* Request */,
				84D8DC50233D7A84007A4451 /* GetYourPetClientProtocol.swift */,
				84D8DC52233E7871007A4451 /* GetYourPetClient.swift */,
				84D8DC54233E83CB007A4451 /* GetYourPetClient+Constants.swift */,
			);
			path = "Get Your Pet Client";
			sourceTree = "<group>";
		};
/* End PBXGroup section */

/* Begin PBXNativeTarget section */
		84397444233A9D1400D8A1B4 /* iAdopt */ = {
			isa = PBXNativeTarget;
			buildConfigurationList = 8439745C233A9D1500D8A1B4 /* Build configuration list for PBXNativeTarget "iAdopt" */;
			buildPhases = (
				84397441233A9D1400D8A1B4 /* Sources */,
				84397442233A9D1400D8A1B4 /* Frameworks */,
				84397443233A9D1400D8A1B4 /* Resources */,
			);
			buildRules = (
			);
			dependencies = (
			);
			name = iAdopt;
			productName = iAdopt;
			productReference = 84397445233A9D1400D8A1B4 /* iAdopt.app */;
			productType = "com.apple.product-type.application";
		};
/* End PBXNativeTarget section */

/* Begin PBXProject section */
		8439743D233A9D1300D8A1B4 /* Project object */ = {
			isa = PBXProject;
			attributes = {
				LastSwiftUpdateCheck = 1100;
				LastUpgradeCheck = 1100;
				ORGANIZATIONNAME = "Brent Mifsud";
				TargetAttributes = {
					84397444233A9D1400D8A1B4 = {
						CreatedOnToolsVersion = 11.0;
					};
				};
			};
			buildConfigurationList = 84397440233A9D1300D8A1B4 /* Build configuration list for PBXProject "iAdopt" */;
			compatibilityVersion = "Xcode 9.3";
			developmentRegion = en;
			hasScannedForEncodings = 0;
			knownRegions = (
				en,
				Base,
			);
			mainGroup = 8439743C233A9D1300D8A1B4;
			productRefGroup = 84397446233A9D1400D8A1B4 /* Products */;
			projectDirPath = "";
			projectRoot = "";
			targets = (
				84397444233A9D1400D8A1B4 /* iAdopt */,
			);
		};
/* End PBXProject section */

/* Begin PBXResourcesBuildPhase section */
		84397443233A9D1400D8A1B4 /* Resources */ = {
			isa = PBXResourcesBuildPhase;
			buildActionMask = 2147483647;
			files = (
				84397462233AB18900D8A1B4 /* .gitignore in Resources */,
				84397458233A9D1500D8A1B4 /* LaunchScreen.storyboard in Resources */,
				84397455233A9D1500D8A1B4 /* Assets.xcassets in Resources */,
				845E453C233FFD08005FEBA1 /* PetTableViewCell.xib in Resources */,
				84397460233AAF7D00D8A1B4 /* README.md in Resources */,
				84397450233A9D1400D8A1B4 /* Main.storyboard in Resources */,
			);
			runOnlyForDeploymentPostprocessing = 0;
		};
/* End PBXResourcesBuildPhase section */

/* Begin PBXSourcesBuildPhase section */
		84397441233A9D1400D8A1B4 /* Sources */ = {
			isa = PBXSourcesBuildPhase;
			buildActionMask = 2147483647;
			files = (
				84D8DC5B233E8E40007A4451 /* GetYourPetErrorResponse.swift in Sources */,
				84D8DC5F233E9C5D007A4451 /* GetYourPetRequest.swift in Sources */,
				84397453233A9D1400D8A1B4 /* iAdopt.xcdatamodeld in Sources */,
				84D8DC51233D7A84007A4451 /* GetYourPetClientProtocol.swift in Sources */,
				8497B79C2341208F0007AE2D /* PetSearchResultsViewController.swift in Sources */,
				84D8DC55233E83CB007A4451 /* GetYourPetClient+Constants.swift in Sources */,
				8484447D233BED4300F0C3C1 /* PetSearchViewController.swift in Sources */,
				84816513233ED16100EE0435 /* UIViewController+Extension.swift in Sources */,
				8439744D233A9D1400D8A1B4 /* HomePageViewController.swift in Sources */,
				84844483233BED9C00F0C3C1 /* PetFavoritesViewController.swift in Sources */,
				84D8DC4F233D7A37007A4451 /* HttpClient+Constants.swift in Sources */,
				84397449233A9D1400D8A1B4 /* AppDelegate.swift in Sources */,
				84D8DC49233D3916007A4451 /* HttpClientProtocol.swift in Sources */,
				84D8DC53233E7871007A4451 /* GetYourPetClient.swift in Sources */,
				8439744B233A9D1400D8A1B4 /* SceneDelegate.swift in Sources */,
				84D8DC4B233D3E55007A4451 /* HttpClient.swift in Sources */,
				84D8DC59233E8E2B007A4451 /* Pet.swift in Sources */,
				845E453B233FFD08005FEBA1 /* PetTableViewCell.swift in Sources */,
				84844485233BFB5400F0C3C1 /* Constants.swift in Sources */,
				8497B79F23414FBC0007AE2D /* PetSearchResultsViewController+UITableView.swift in Sources */,
			);
			runOnlyForDeploymentPostprocessing = 0;
		};
/* End PBXSourcesBuildPhase section */

/* Begin PBXVariantGroup section */
		8439744E233A9D1400D8A1B4 /* Main.storyboard */ = {
			isa = PBXVariantGroup;
			children = (
				8439744F233A9D1400D8A1B4 /* Base */,
			);
			name = Main.storyboard;
			sourceTree = "<group>";
		};
		84397456233A9D1500D8A1B4 /* LaunchScreen.storyboard */ = {
			isa = PBXVariantGroup;
			children = (
				84397457233A9D1500D8A1B4 /* Base */,
			);
			name = LaunchScreen.storyboard;
			sourceTree = "<group>";
		};
/* End PBXVariantGroup section */

/* Begin XCBuildConfiguration section */
		8439745A233A9D1500D8A1B4 /* Debug */ = {
			isa = XCBuildConfiguration;
			buildSettings = {
				ALWAYS_SEARCH_USER_PATHS = NO;
				CLANG_ANALYZER_NONNULL = YES;
				CLANG_ANALYZER_NUMBER_OBJECT_CONVERSION = YES_AGGRESSIVE;
				CLANG_CXX_LANGUAGE_STANDARD = "gnu++14";
				CLANG_CXX_LIBRARY = "libc++";
				CLANG_ENABLE_MODULES = YES;
				CLANG_ENABLE_OBJC_ARC = YES;
				CLANG_ENABLE_OBJC_WEAK = YES;
				CLANG_WARN_BLOCK_CAPTURE_AUTORELEASING = YES;
				CLANG_WARN_BOOL_CONVERSION = YES;
				CLANG_WARN_COMMA = YES;
				CLANG_WARN_CONSTANT_CONVERSION = YES;
				CLANG_WARN_DEPRECATED_OBJC_IMPLEMENTATIONS = YES;
				CLANG_WARN_DIRECT_OBJC_ISA_USAGE = YES_ERROR;
				CLANG_WARN_DOCUMENTATION_COMMENTS = YES;
				CLANG_WARN_EMPTY_BODY = YES;
				CLANG_WARN_ENUM_CONVERSION = YES;
				CLANG_WARN_INFINITE_RECURSION = YES;
				CLANG_WARN_INT_CONVERSION = YES;
				CLANG_WARN_NON_LITERAL_NULL_CONVERSION = YES;
				CLANG_WARN_OBJC_IMPLICIT_RETAIN_SELF = YES;
				CLANG_WARN_OBJC_LITERAL_CONVERSION = YES;
				CLANG_WARN_OBJC_ROOT_CLASS = YES_ERROR;
				CLANG_WARN_RANGE_LOOP_ANALYSIS = YES;
				CLANG_WARN_STRICT_PROTOTYPES = YES;
				CLANG_WARN_SUSPICIOUS_MOVE = YES;
				CLANG_WARN_UNGUARDED_AVAILABILITY = YES_AGGRESSIVE;
				CLANG_WARN_UNREACHABLE_CODE = YES;
				CLANG_WARN__DUPLICATE_METHOD_MATCH = YES;
				COPY_PHASE_STRIP = NO;
				DEBUG_INFORMATION_FORMAT = dwarf;
				ENABLE_STRICT_OBJC_MSGSEND = YES;
				ENABLE_TESTABILITY = YES;
				GCC_C_LANGUAGE_STANDARD = gnu11;
				GCC_DYNAMIC_NO_PIC = NO;
				GCC_NO_COMMON_BLOCKS = YES;
				GCC_OPTIMIZATION_LEVEL = 0;
				GCC_PREPROCESSOR_DEFINITIONS = (
					"DEBUG=1",
					"$(inherited)",
				);
				GCC_WARN_64_TO_32_BIT_CONVERSION = YES;
				GCC_WARN_ABOUT_RETURN_TYPE = YES_ERROR;
				GCC_WARN_UNDECLARED_SELECTOR = YES;
				GCC_WARN_UNINITIALIZED_AUTOS = YES_AGGRESSIVE;
				GCC_WARN_UNUSED_FUNCTION = YES;
				GCC_WARN_UNUSED_VARIABLE = YES;
				IPHONEOS_DEPLOYMENT_TARGET = 13.0;
				MTL_ENABLE_DEBUG_INFO = INCLUDE_SOURCE;
				MTL_FAST_MATH = YES;
				ONLY_ACTIVE_ARCH = YES;
				SDKROOT = iphoneos;
				SWIFT_ACTIVE_COMPILATION_CONDITIONS = DEBUG;
				SWIFT_OPTIMIZATION_LEVEL = "-Onone";
			};
			name = Debug;
		};
		8439745B233A9D1500D8A1B4 /* Release */ = {
			isa = XCBuildConfiguration;
			buildSettings = {
				ALWAYS_SEARCH_USER_PATHS = NO;
				CLANG_ANALYZER_NONNULL = YES;
				CLANG_ANALYZER_NUMBER_OBJECT_CONVERSION = YES_AGGRESSIVE;
				CLANG_CXX_LANGUAGE_STANDARD = "gnu++14";
				CLANG_CXX_LIBRARY = "libc++";
				CLANG_ENABLE_MODULES = YES;
				CLANG_ENABLE_OBJC_ARC = YES;
				CLANG_ENABLE_OBJC_WEAK = YES;
				CLANG_WARN_BLOCK_CAPTURE_AUTORELEASING = YES;
				CLANG_WARN_BOOL_CONVERSION = YES;
				CLANG_WARN_COMMA = YES;
				CLANG_WARN_CONSTANT_CONVERSION = YES;
				CLANG_WARN_DEPRECATED_OBJC_IMPLEMENTATIONS = YES;
				CLANG_WARN_DIRECT_OBJC_ISA_USAGE = YES_ERROR;
				CLANG_WARN_DOCUMENTATION_COMMENTS = YES;
				CLANG_WARN_EMPTY_BODY = YES;
				CLANG_WARN_ENUM_CONVERSION = YES;
				CLANG_WARN_INFINITE_RECURSION = YES;
				CLANG_WARN_INT_CONVERSION = YES;
				CLANG_WARN_NON_LITERAL_NULL_CONVERSION = YES;
				CLANG_WARN_OBJC_IMPLICIT_RETAIN_SELF = YES;
				CLANG_WARN_OBJC_LITERAL_CONVERSION = YES;
				CLANG_WARN_OBJC_ROOT_CLASS = YES_ERROR;
				CLANG_WARN_RANGE_LOOP_ANALYSIS = YES;
				CLANG_WARN_STRICT_PROTOTYPES = YES;
				CLANG_WARN_SUSPICIOUS_MOVE = YES;
				CLANG_WARN_UNGUARDED_AVAILABILITY = YES_AGGRESSIVE;
				CLANG_WARN_UNREACHABLE_CODE = YES;
				CLANG_WARN__DUPLICATE_METHOD_MATCH = YES;
				COPY_PHASE_STRIP = NO;
				DEBUG_INFORMATION_FORMAT = "dwarf-with-dsym";
				ENABLE_NS_ASSERTIONS = NO;
				ENABLE_STRICT_OBJC_MSGSEND = YES;
				GCC_C_LANGUAGE_STANDARD = gnu11;
				GCC_NO_COMMON_BLOCKS = YES;
				GCC_WARN_64_TO_32_BIT_CONVERSION = YES;
				GCC_WARN_ABOUT_RETURN_TYPE = YES_ERROR;
				GCC_WARN_UNDECLARED_SELECTOR = YES;
				GCC_WARN_UNINITIALIZED_AUTOS = YES_AGGRESSIVE;
				GCC_WARN_UNUSED_FUNCTION = YES;
				GCC_WARN_UNUSED_VARIABLE = YES;
				IPHONEOS_DEPLOYMENT_TARGET = 13.0;
				MTL_ENABLE_DEBUG_INFO = NO;
				MTL_FAST_MATH = YES;
				SDKROOT = iphoneos;
				SWIFT_COMPILATION_MODE = wholemodule;
				SWIFT_OPTIMIZATION_LEVEL = "-O";
				VALIDATE_PRODUCT = YES;
			};
			name = Release;
		};
		8439745D233A9D1500D8A1B4 /* Debug */ = {
			isa = XCBuildConfiguration;
			buildSettings = {
				ASSETCATALOG_COMPILER_APPICON_NAME = AppIcon;
				CODE_SIGN_STYLE = Automatic;
				DEVELOPMENT_TEAM = M5MTT5YDN9;
				INFOPLIST_FILE = iAdopt/Info.plist;
				LD_RUNPATH_SEARCH_PATHS = (
					"$(inherited)",
					"@executable_path/Frameworks",
				);
				PRODUCT_BUNDLE_IDENTIFIER = com.brentmifsud.iAdopt;
				PRODUCT_NAME = "$(TARGET_NAME)";
				SWIFT_VERSION = 5.0;
				TARGETED_DEVICE_FAMILY = "1,2";
			};
			name = Debug;
		};
		8439745E233A9D1500D8A1B4 /* Release */ = {
			isa = XCBuildConfiguration;
			buildSettings = {
				ASSETCATALOG_COMPILER_APPICON_NAME = AppIcon;
				CODE_SIGN_STYLE = Automatic;
				DEVELOPMENT_TEAM = M5MTT5YDN9;
				INFOPLIST_FILE = iAdopt/Info.plist;
				LD_RUNPATH_SEARCH_PATHS = (
					"$(inherited)",
					"@executable_path/Frameworks",
				);
				PRODUCT_BUNDLE_IDENTIFIER = com.brentmifsud.iAdopt;
				PRODUCT_NAME = "$(TARGET_NAME)";
				SWIFT_VERSION = 5.0;
				TARGETED_DEVICE_FAMILY = "1,2";
			};
			name = Release;
		};
/* End XCBuildConfiguration section */

/* Begin XCConfigurationList section */
		84397440233A9D1300D8A1B4 /* Build configuration list for PBXProject "iAdopt" */ = {
			isa = XCConfigurationList;
			buildConfigurations = (
				8439745A233A9D1500D8A1B4 /* Debug */,
				8439745B233A9D1500D8A1B4 /* Release */,
			);
			defaultConfigurationIsVisible = 0;
			defaultConfigurationName = Release;
		};
		8439745C233A9D1500D8A1B4 /* Build configuration list for PBXNativeTarget "iAdopt" */ = {
			isa = XCConfigurationList;
			buildConfigurations = (
				8439745D233A9D1500D8A1B4 /* Debug */,
				8439745E233A9D1500D8A1B4 /* Release */,
			);
			defaultConfigurationIsVisible = 0;
			defaultConfigurationName = Release;
		};
/* End XCConfigurationList section */

/* Begin XCVersionGroup section */
		84397451233A9D1400D8A1B4 /* iAdopt.xcdatamodeld */ = {
			isa = XCVersionGroup;
			children = (
				84397452233A9D1400D8A1B4 /* iAdopt.xcdatamodel */,
			);
			currentVersion = 84397452233A9D1400D8A1B4 /* iAdopt.xcdatamodel */;
			path = iAdopt.xcdatamodeld;
			sourceTree = "<group>";
			versionGroupType = wrapper.xcdatamodel;
		};
/* End XCVersionGroup section */
	};
	rootObject = 8439743D233A9D1300D8A1B4 /* Project object */;
}
