// !$*UTF8*$!
{
	archiveVersion = 1;
	classes = {
	};
	objectVersion = 53;
	objects = {

/* Begin PBXBuildFile section */
		8486D290245E21A500F090F8 /* HttpClient+Constants.swift in Sources */ = {isa = PBXBuildFile; fileRef = 8486D25C245E210E00F090F8 /* HttpClient+Constants.swift */; };
		8486D291245E21A500F090F8 /* HttpClient.swift in Sources */ = {isa = PBXBuildFile; fileRef = 8486D25D245E210E00F090F8 /* HttpClient.swift */; };
		8486D292245E21A500F090F8 /* HttpClientProtocol.swift in Sources */ = {isa = PBXBuildFile; fileRef = 8486D25E245E210E00F090F8 /* HttpClientProtocol.swift */; };
		8486D293245E21A500F090F8 /* HTTPError.swift in Sources */ = {isa = PBXBuildFile; fileRef = 8486D25F245E210E00F090F8 /* HTTPError.swift */; };
		8486D294245E21AB00F090F8 /* Pet.swift in Sources */ = {isa = PBXBuildFile; fileRef = 8486D262245E210E00F090F8 /* Pet.swift */; };
		8486D295245E21AB00F090F8 /* Breed.swift in Sources */ = {isa = PBXBuildFile; fileRef = 8486D263245E210E00F090F8 /* Breed.swift */; };
		8486D296245E21AB00F090F8 /* GetYourPetErrorResponse.swift in Sources */ = {isa = PBXBuildFile; fileRef = 8486D264245E210E00F090F8 /* GetYourPetErrorResponse.swift */; };
		8486D297245E21AB00F090F8 /* GetYourPetRequest.swift in Sources */ = {isa = PBXBuildFile; fileRef = 8486D265245E210E00F090F8 /* GetYourPetRequest.swift */; };
		8486D298245E21AB00F090F8 /* GetYourPetClient+Constants.swift in Sources */ = {isa = PBXBuildFile; fileRef = 8486D266245E210E00F090F8 /* GetYourPetClient+Constants.swift */; };
		8486D299245E21AB00F090F8 /* GetYourPetClientProtocol.swift in Sources */ = {isa = PBXBuildFile; fileRef = 8486D267245E210E00F090F8 /* GetYourPetClientProtocol.swift */; };
		8486D29A245E21AB00F090F8 /* GetYourPetClient.swift in Sources */ = {isa = PBXBuildFile; fileRef = 8486D268245E210E00F090F8 /* GetYourPetClient.swift */; };
		8486D29B245E21BB00F090F8 /* HomePageViewController.swift in Sources */ = {isa = PBXBuildFile; fileRef = 8486D26B245E210E00F090F8 /* HomePageViewController.swift */; };
		8486D29C245E21BB00F090F8 /* PetDetailsViewController.swift in Sources */ = {isa = PBXBuildFile; fileRef = 8486D26D245E210E00F090F8 /* PetDetailsViewController.swift */; };
		8486D29D245E21BB00F090F8 /* PetDetailsViewController+CollectionView.swift in Sources */ = {isa = PBXBuildFile; fileRef = 8486D26E245E210E00F090F8 /* PetDetailsViewController+CollectionView.swift */; };
		8486D29E245E21BB00F090F8 /* PetDetailsViewController+MapView.swift in Sources */ = {isa = PBXBuildFile; fileRef = 8486D26F245E210E00F090F8 /* PetDetailsViewController+MapView.swift */; };
		8486D29F245E21BB00F090F8 /* PetDetailsViewController+CoreData.swift in Sources */ = {isa = PBXBuildFile; fileRef = 8486D270245E210E00F090F8 /* PetDetailsViewController+CoreData.swift */; };
		8486D2A0245E21BB00F090F8 /* FavoritesViewController.swift in Sources */ = {isa = PBXBuildFile; fileRef = 8486D272245E210E00F090F8 /* FavoritesViewController.swift */; };
		8486D2A1245E21BB00F090F8 /* FavoritesViewController+TableView.swift in Sources */ = {isa = PBXBuildFile; fileRef = 8486D273245E210E00F090F8 /* FavoritesViewController+TableView.swift */; };
		8486D2A2245E21BB00F090F8 /* FavoritesViewController+CoreData.swift in Sources */ = {isa = PBXBuildFile; fileRef = 8486D274245E210E00F090F8 /* FavoritesViewController+CoreData.swift */; };
		8486D2A3245E21BB00F090F8 /* PetSearchResultsViewController+UITableView.swift in Sources */ = {isa = PBXBuildFile; fileRef = 8486D276245E210E00F090F8 /* PetSearchResultsViewController+UITableView.swift */; };
		8486D2A4245E21BB00F090F8 /* PetSearchResultsViewController+CoreData.swift in Sources */ = {isa = PBXBuildFile; fileRef = 8486D277245E210E00F090F8 /* PetSearchResultsViewController+CoreData.swift */; };
		8486D2A5245E21BB00F090F8 /* PetSearchResultsViewController.swift in Sources */ = {isa = PBXBuildFile; fileRef = 8486D278245E210E00F090F8 /* PetSearchResultsViewController.swift */; };
		8486D2A6245E21BB00F090F8 /* PetSearchViewController.swift in Sources */ = {isa = PBXBuildFile; fileRef = 8486D279245E210E00F090F8 /* PetSearchViewController.swift */; };
		8486D2A7245E21BB00F090F8 /* PetFavoriteStoreProtocol.swift in Sources */ = {isa = PBXBuildFile; fileRef = 8486D27B245E210E00F090F8 /* PetFavoriteStoreProtocol.swift */; };
		8486D2A8245E21BB00F090F8 /* DataController.swift in Sources */ = {isa = PBXBuildFile; fileRef = 8486D27C245E210E00F090F8 /* DataController.swift */; };
		8486D2A9245E21BB00F090F8 /* PetFavoriteStore.swift in Sources */ = {isa = PBXBuildFile; fileRef = 8486D27D245E210E00F090F8 /* PetFavoriteStore.swift */; };
		8486D2AA245E21BB00F090F8 /* SearchResults.swift in Sources */ = {isa = PBXBuildFile; fileRef = 8486D27E245E210E00F090F8 /* SearchResults.swift */; };
		8486D2AB245E21BB00F090F8 /* iAdopt.xcdatamodeld in Sources */ = {isa = PBXBuildFile; fileRef = 8486D27F245E210E00F090F8 /* iAdopt.xcdatamodeld */; };
		8486D2AC245E21BB00F090F8 /* Constants.swift in Sources */ = {isa = PBXBuildFile; fileRef = 8486D282245E210E00F090F8 /* Constants.swift */; };
		8486D2AD245E21BB00F090F8 /* PetTableViewCell.swift in Sources */ = {isa = PBXBuildFile; fileRef = 8486D285245E210E00F090F8 /* PetTableViewCell.swift */; };
		8486D2AE245E21BB00F090F8 /* PetTableViewCell.xib in Sources */ = {isa = PBXBuildFile; fileRef = 8486D286245E210E00F090F8 /* PetTableViewCell.xib */; };
		8486D2AF245E21BB00F090F8 /* PetCollectionViewCell.swift in Sources */ = {isa = PBXBuildFile; fileRef = 8486D288245E210E00F090F8 /* PetCollectionViewCell.swift */; };
		8486D2B0245E21BB00F090F8 /* PetCollectionViewCell.xib in Sources */ = {isa = PBXBuildFile; fileRef = 8486D289245E210E00F090F8 /* PetCollectionViewCell.xib */; };
		8486D2B1245E21BB00F090F8 /* UIViewController+Extension.swift in Sources */ = {isa = PBXBuildFile; fileRef = 8486D28B245E210E00F090F8 /* UIViewController+Extension.swift */; };
		8486D2B2245E21BB00F090F8 /* MKMapView+Extensions.swift in Sources */ = {isa = PBXBuildFile; fileRef = 8486D28C245E210E00F090F8 /* MKMapView+Extensions.swift */; };
		8486D2B6245E221E00F090F8 /* AppDelegate.swift in Sources */ = {isa = PBXBuildFile; fileRef = 8486D28D245E210E00F090F8 /* AppDelegate.swift */; };
		8486D2B7245E225700F090F8 /* LaunchScreen.storyboard in Resources */ = {isa = PBXBuildFile; fileRef = 8486D256245E210E00F090F8 /* LaunchScreen.storyboard */; };
		8486D2B8245E225700F090F8 /* Main.storyboard in Resources */ = {isa = PBXBuildFile; fileRef = 8486D258245E210E00F090F8 /* Main.storyboard */; };
		8486D2BC245E22A000F090F8 /* SceneDelegate.swift in Sources */ = {isa = PBXBuildFile; fileRef = 8486D28F245E210E00F090F8 /* SceneDelegate.swift */; };
		8486D2BD245E22B500F090F8 /* Assets.xcassets in Resources */ = {isa = PBXBuildFile; fileRef = 8486D269245E210E00F090F8 /* Assets.xcassets */; };
/* End PBXBuildFile section */

/* Begin PBXFileReference section */
		8486D24A245E20F700F090F8 /* LICENSE */ = {isa = PBXFileReference; fileEncoding = 4; lastKnownFileType = text; path = LICENSE; sourceTree = "<group>"; };
		8486D24B245E20F700F090F8 /* images */ = {isa = PBXFileReference; lastKnownFileType = folder; path = images; sourceTree = "<group>"; };
		8486D24C245E20F700F090F8 /* README.md */ = {isa = PBXFileReference; fileEncoding = 4; lastKnownFileType = net.daringfireball.markdown; path = README.md; sourceTree = "<group>"; };
		8486D257245E210E00F090F8 /* Base */ = {isa = PBXFileReference; lastKnownFileType = file.storyboard; name = Base; path = Base.lproj/LaunchScreen.storyboard; sourceTree = "<group>"; };
		8486D259245E210E00F090F8 /* Base */ = {isa = PBXFileReference; lastKnownFileType = file.storyboard; name = Base; path = Base.lproj/Main.storyboard; sourceTree = "<group>"; };
		8486D25C245E210E00F090F8 /* HttpClient+Constants.swift */ = {isa = PBXFileReference; lastKnownFileType = sourcecode.swift; path = "HttpClient+Constants.swift"; sourceTree = "<group>"; };
		8486D25D245E210E00F090F8 /* HttpClient.swift */ = {isa = PBXFileReference; lastKnownFileType = sourcecode.swift; path = HttpClient.swift; sourceTree = "<group>"; };
		8486D25E245E210E00F090F8 /* HttpClientProtocol.swift */ = {isa = PBXFileReference; lastKnownFileType = sourcecode.swift; path = HttpClientProtocol.swift; sourceTree = "<group>"; };
		8486D25F245E210E00F090F8 /* HTTPError.swift */ = {isa = PBXFileReference; lastKnownFileType = sourcecode.swift; path = HTTPError.swift; sourceTree = "<group>"; };
		8486D262245E210E00F090F8 /* Pet.swift */ = {isa = PBXFileReference; lastKnownFileType = sourcecode.swift; path = Pet.swift; sourceTree = "<group>"; };
		8486D263245E210E00F090F8 /* Breed.swift */ = {isa = PBXFileReference; lastKnownFileType = sourcecode.swift; path = Breed.swift; sourceTree = "<group>"; };
		8486D264245E210E00F090F8 /* GetYourPetErrorResponse.swift */ = {isa = PBXFileReference; lastKnownFileType = sourcecode.swift; path = GetYourPetErrorResponse.swift; sourceTree = "<group>"; };
		8486D265245E210E00F090F8 /* GetYourPetRequest.swift */ = {isa = PBXFileReference; lastKnownFileType = sourcecode.swift; path = GetYourPetRequest.swift; sourceTree = "<group>"; };
		8486D266245E210E00F090F8 /* GetYourPetClient+Constants.swift */ = {isa = PBXFileReference; lastKnownFileType = sourcecode.swift; path = "GetYourPetClient+Constants.swift"; sourceTree = "<group>"; };
		8486D267245E210E00F090F8 /* GetYourPetClientProtocol.swift */ = {isa = PBXFileReference; lastKnownFileType = sourcecode.swift; path = GetYourPetClientProtocol.swift; sourceTree = "<group>"; };
		8486D268245E210E00F090F8 /* GetYourPetClient.swift */ = {isa = PBXFileReference; lastKnownFileType = sourcecode.swift; path = GetYourPetClient.swift; sourceTree = "<group>"; };
		8486D269245E210E00F090F8 /* Assets.xcassets */ = {isa = PBXFileReference; lastKnownFileType = folder.assetcatalog; path = Assets.xcassets; sourceTree = "<group>"; };
		8486D26B245E210E00F090F8 /* HomePageViewController.swift */ = {isa = PBXFileReference; lastKnownFileType = sourcecode.swift; path = HomePageViewController.swift; sourceTree = "<group>"; };
		8486D26D245E210E00F090F8 /* PetDetailsViewController.swift */ = {isa = PBXFileReference; lastKnownFileType = sourcecode.swift; path = PetDetailsViewController.swift; sourceTree = "<group>"; };
		8486D26E245E210E00F090F8 /* PetDetailsViewController+CollectionView.swift */ = {isa = PBXFileReference; lastKnownFileType = sourcecode.swift; path = "PetDetailsViewController+CollectionView.swift"; sourceTree = "<group>"; };
		8486D26F245E210E00F090F8 /* PetDetailsViewController+MapView.swift */ = {isa = PBXFileReference; lastKnownFileType = sourcecode.swift; path = "PetDetailsViewController+MapView.swift"; sourceTree = "<group>"; };
		8486D270245E210E00F090F8 /* PetDetailsViewController+CoreData.swift */ = {isa = PBXFileReference; lastKnownFileType = sourcecode.swift; path = "PetDetailsViewController+CoreData.swift"; sourceTree = "<group>"; };
		8486D272245E210E00F090F8 /* FavoritesViewController.swift */ = {isa = PBXFileReference; lastKnownFileType = sourcecode.swift; path = FavoritesViewController.swift; sourceTree = "<group>"; };
		8486D273245E210E00F090F8 /* FavoritesViewController+TableView.swift */ = {isa = PBXFileReference; lastKnownFileType = sourcecode.swift; path = "FavoritesViewController+TableView.swift"; sourceTree = "<group>"; };
		8486D274245E210E00F090F8 /* FavoritesViewController+CoreData.swift */ = {isa = PBXFileReference; lastKnownFileType = sourcecode.swift; path = "FavoritesViewController+CoreData.swift"; sourceTree = "<group>"; };
		8486D276245E210E00F090F8 /* PetSearchResultsViewController+UITableView.swift */ = {isa = PBXFileReference; lastKnownFileType = sourcecode.swift; path = "PetSearchResultsViewController+UITableView.swift"; sourceTree = "<group>"; };
		8486D277245E210E00F090F8 /* PetSearchResultsViewController+CoreData.swift */ = {isa = PBXFileReference; lastKnownFileType = sourcecode.swift; path = "PetSearchResultsViewController+CoreData.swift"; sourceTree = "<group>"; };
		8486D278245E210E00F090F8 /* PetSearchResultsViewController.swift */ = {isa = PBXFileReference; lastKnownFileType = sourcecode.swift; path = PetSearchResultsViewController.swift; sourceTree = "<group>"; };
		8486D279245E210E00F090F8 /* PetSearchViewController.swift */ = {isa = PBXFileReference; lastKnownFileType = sourcecode.swift; path = PetSearchViewController.swift; sourceTree = "<group>"; };
		8486D27B245E210E00F090F8 /* PetFavoriteStoreProtocol.swift */ = {isa = PBXFileReference; lastKnownFileType = sourcecode.swift; path = PetFavoriteStoreProtocol.swift; sourceTree = "<group>"; };
		8486D27C245E210E00F090F8 /* DataController.swift */ = {isa = PBXFileReference; lastKnownFileType = sourcecode.swift; path = DataController.swift; sourceTree = "<group>"; };
		8486D27D245E210E00F090F8 /* PetFavoriteStore.swift */ = {isa = PBXFileReference; lastKnownFileType = sourcecode.swift; path = PetFavoriteStore.swift; sourceTree = "<group>"; };
		8486D27E245E210E00F090F8 /* SearchResults.swift */ = {isa = PBXFileReference; lastKnownFileType = sourcecode.swift; path = SearchResults.swift; sourceTree = "<group>"; };
		8486D280245E210E00F090F8 /* iAdopt.xcdatamodel */ = {isa = PBXFileReference; lastKnownFileType = wrapper.xcdatamodel; path = iAdopt.xcdatamodel; sourceTree = "<group>"; };
		8486D282245E210E00F090F8 /* Constants.swift */ = {isa = PBXFileReference; lastKnownFileType = sourcecode.swift; path = Constants.swift; sourceTree = "<group>"; };
		8486D285245E210E00F090F8 /* PetTableViewCell.swift */ = {isa = PBXFileReference; lastKnownFileType = sourcecode.swift; path = PetTableViewCell.swift; sourceTree = "<group>"; };
		8486D286245E210E00F090F8 /* PetTableViewCell.xib */ = {isa = PBXFileReference; lastKnownFileType = file.xib; path = PetTableViewCell.xib; sourceTree = "<group>"; };
		8486D288245E210E00F090F8 /* PetCollectionViewCell.swift */ = {isa = PBXFileReference; lastKnownFileType = sourcecode.swift; path = PetCollectionViewCell.swift; sourceTree = "<group>"; };
		8486D289245E210E00F090F8 /* PetCollectionViewCell.xib */ = {isa = PBXFileReference; lastKnownFileType = file.xib; path = PetCollectionViewCell.xib; sourceTree = "<group>"; };
		8486D28B245E210E00F090F8 /* UIViewController+Extension.swift */ = {isa = PBXFileReference; lastKnownFileType = sourcecode.swift; path = "UIViewController+Extension.swift"; sourceTree = "<group>"; };
		8486D28C245E210E00F090F8 /* MKMapView+Extensions.swift */ = {isa = PBXFileReference; lastKnownFileType = sourcecode.swift; path = "MKMapView+Extensions.swift"; sourceTree = "<group>"; };
		8486D28D245E210E00F090F8 /* AppDelegate.swift */ = {isa = PBXFileReference; lastKnownFileType = sourcecode.swift; path = AppDelegate.swift; sourceTree = "<group>"; };
		8486D28E245E210E00F090F8 /* Info.plist */ = {isa = PBXFileReference; lastKnownFileType = text.plist.xml; path = Info.plist; sourceTree = "<group>"; };
		8486D28F245E210E00F090F8 /* SceneDelegate.swift */ = {isa = PBXFileReference; lastKnownFileType = sourcecode.swift; path = SceneDelegate.swift; sourceTree = "<group>"; };
		8486D2C0245E25B200F090F8 /* iAdopt.app */ = {isa = PBXFileReference; explicitFileType = wrapper.application; includeInIndex = 0; name = iAdopt.app; path = "/Users/brent/Repos/iOS/iAdopt/build/Debug-iphoneos/iAdopt.app"; sourceTree = "<absolute>"; };
/* End PBXFileReference section */

/* Begin PBXFrameworksBuildPhase section */
		84397442233A9D1400D8A1B4 /* Frameworks */ = {
			isa = PBXFrameworksBuildPhase;
			buildActionMask = 2147483647;
			files = (
			);
			runOnlyForDeploymentPostprocessing = 0;
		};
/* End PBXFrameworksBuildPhase section */

/* Begin PBXGroup section */
		8439743C233A9D1300D8A1B4 = {
			isa = PBXGroup;
			children = (
				8486D24B245E20F700F090F8 /* images */,
				8486D24A245E20F700F090F8 /* LICENSE */,
				8486D24C245E20F700F090F8 /* README.md */,
				8486D254245E210E00F090F8 /* iAdopt */,
			);
			sourceTree = "<group>";
		};
		8486D254245E210E00F090F8 /* iAdopt */ = {
			isa = PBXGroup;
			children = (
				8486D28D245E210E00F090F8 /* AppDelegate.swift */,
				8486D28F245E210E00F090F8 /* SceneDelegate.swift */,
				8486D25A245E210E00F090F8 /* Networking */,
				8486D255245E210E00F090F8 /* Storyboards */,
				8486D269245E210E00F090F8 /* Assets.xcassets */,
				8486D26A245E210E00F090F8 /* Controller */,
				8486D27A245E210E00F090F8 /* Model */,
				8486D281245E210E00F090F8 /* View */,
				8486D28E245E210E00F090F8 /* Info.plist */,
			);
			path = iAdopt;
			sourceTree = "<group>";
		};
		8486D255245E210E00F090F8 /* Storyboards */ = {
			isa = PBXGroup;
			children = (
				8486D256245E210E00F090F8 /* LaunchScreen.storyboard */,
				8486D258245E210E00F090F8 /* Main.storyboard */,
			);
			path = Storyboards;
			sourceTree = "<group>";
		};
		8486D25A245E210E00F090F8 /* Networking */ = {
			isa = PBXGroup;
			children = (
				8486D25B245E210E00F090F8 /* Http Client */,
				8486D260245E210E00F090F8 /* Get Your Pet Client */,
			);
			path = Networking;
			sourceTree = "<group>";
		};
		8486D25B245E210E00F090F8 /* Http Client */ = {
			isa = PBXGroup;
			children = (
				8486D25C245E210E00F090F8 /* HttpClient+Constants.swift */,
				8486D25D245E210E00F090F8 /* HttpClient.swift */,
				8486D25E245E210E00F090F8 /* HttpClientProtocol.swift */,
				8486D25F245E210E00F090F8 /* HTTPError.swift */,
			);
			path = "Http Client";
			sourceTree = "<group>";
		};
		8486D260245E210E00F090F8 /* Get Your Pet Client */ = {
			isa = PBXGroup;
			children = (
				8486D261245E210E00F090F8 /* Response */,
				8486D265245E210E00F090F8 /* GetYourPetRequest.swift */,
				8486D266245E210E00F090F8 /* GetYourPetClient+Constants.swift */,
				8486D267245E210E00F090F8 /* GetYourPetClientProtocol.swift */,
				8486D268245E210E00F090F8 /* GetYourPetClient.swift */,
			);
			path = "Get Your Pet Client";
			sourceTree = "<group>";
		};
		8486D261245E210E00F090F8 /* Response */ = {
			isa = PBXGroup;
			children = (
				8486D262245E210E00F090F8 /* Pet.swift */,
				8486D263245E210E00F090F8 /* Breed.swift */,
				8486D264245E210E00F090F8 /* GetYourPetErrorResponse.swift */,
			);
			path = Response;
			sourceTree = "<group>";
		};
		8486D26A245E210E00F090F8 /* Controller */ = {
			isa = PBXGroup;
			children = (
				8486D26B245E210E00F090F8 /* HomePageViewController.swift */,
				8486D26C245E210E00F090F8 /* Pet Details View Controller */,
				8486D271245E210E00F090F8 /* Favorites View Controller */,
				8486D275245E210E00F090F8 /* Pet Search Results Table View Controller */,
				8486D279245E210E00F090F8 /* PetSearchViewController.swift */,
			);
			path = Controller;
			sourceTree = "<group>";
		};
		8486D26C245E210E00F090F8 /* Pet Details View Controller */ = {
			isa = PBXGroup;
			children = (
				8486D26D245E210E00F090F8 /* PetDetailsViewController.swift */,
				8486D26E245E210E00F090F8 /* PetDetailsViewController+CollectionView.swift */,
				8486D26F245E210E00F090F8 /* PetDetailsViewController+MapView.swift */,
				8486D270245E210E00F090F8 /* PetDetailsViewController+CoreData.swift */,
			);
			path = "Pet Details View Controller";
			sourceTree = "<group>";
		};
		8486D271245E210E00F090F8 /* Favorites View Controller */ = {
			isa = PBXGroup;
			children = (
				8486D272245E210E00F090F8 /* FavoritesViewController.swift */,
				8486D273245E210E00F090F8 /* FavoritesViewController+TableView.swift */,
				8486D274245E210E00F090F8 /* FavoritesViewController+CoreData.swift */,
			);
			path = "Favorites View Controller";
			sourceTree = "<group>";
		};
		8486D275245E210E00F090F8 /* Pet Search Results Table View Controller */ = {
			isa = PBXGroup;
			children = (
				8486D276245E210E00F090F8 /* PetSearchResultsViewController+UITableView.swift */,
				8486D277245E210E00F090F8 /* PetSearchResultsViewController+CoreData.swift */,
				8486D278245E210E00F090F8 /* PetSearchResultsViewController.swift */,
			);
			path = "Pet Search Results Table View Controller";
			sourceTree = "<group>";
		};
		8486D27A245E210E00F090F8 /* Model */ = {
			isa = PBXGroup;
			children = (
				8486D27B245E210E00F090F8 /* PetFavoriteStoreProtocol.swift */,
				8486D27C245E210E00F090F8 /* DataController.swift */,
				8486D27D245E210E00F090F8 /* PetFavoriteStore.swift */,
				8486D27E245E210E00F090F8 /* SearchResults.swift */,
				8486D27F245E210E00F090F8 /* iAdopt.xcdatamodeld */,
			);
			path = Model;
			sourceTree = "<group>";
		};
		8486D281245E210E00F090F8 /* View */ = {
			isa = PBXGroup;
			children = (
				8486D282245E210E00F090F8 /* Constants.swift */,
				8486D283245E210E00F090F8 /* Nibs */,
				8486D28A245E210E00F090F8 /* Extensions */,
			);
			path = View;
			sourceTree = "<group>";
		};
		8486D283245E210E00F090F8 /* Nibs */ = {
			isa = PBXGroup;
			children = (
				8486D284245E210E00F090F8 /* Pet Table View Cell */,
				8486D287245E210E00F090F8 /* Pet Collection View Cell */,
			);
			path = Nibs;
			sourceTree = "<group>";
		};
		8486D284245E210E00F090F8 /* Pet Table View Cell */ = {
			isa = PBXGroup;
			children = (
				8486D285245E210E00F090F8 /* PetTableViewCell.swift */,
				8486D286245E210E00F090F8 /* PetTableViewCell.xib */,
			);
			path = "Pet Table View Cell";
			sourceTree = "<group>";
		};
		8486D287245E210E00F090F8 /* Pet Collection View Cell */ = {
			isa = PBXGroup;
			children = (
				8486D288245E210E00F090F8 /* PetCollectionViewCell.swift */,
				8486D289245E210E00F090F8 /* PetCollectionViewCell.xib */,
			);
			path = "Pet Collection View Cell";
			sourceTree = "<group>";
		};
		8486D28A245E210E00F090F8 /* Extensions */ = {
			isa = PBXGroup;
			children = (
				8486D28B245E210E00F090F8 /* UIViewController+Extension.swift */,
				8486D28C245E210E00F090F8 /* MKMapView+Extensions.swift */,
			);
			path = Extensions;
			sourceTree = "<group>";
		};
/* End PBXGroup section */

/* Begin PBXNativeTarget section */
		84397444233A9D1400D8A1B4 /* iAdopt */ = {
			isa = PBXNativeTarget;
			buildConfigurationList = 8439745C233A9D1500D8A1B4 /* Build configuration list for PBXNativeTarget "iAdopt" */;
			buildPhases = (
				84397441233A9D1400D8A1B4 /* Sources */,
				84397442233A9D1400D8A1B4 /* Frameworks */,
				84397443233A9D1400D8A1B4 /* Resources */,
			);
			buildRules = (
			);
			dependencies = (
			);
			name = iAdopt;
			productName = iAdopt;
			productReference = 8486D2C0245E25B200F090F8 /* iAdopt.app */;
			productType = "com.apple.product-type.application";
		};
/* End PBXNativeTarget section */

/* Begin PBXProject section */
		8439743D233A9D1300D8A1B4 /* Project object */ = {
			isa = PBXProject;
			attributes = {
				LastSwiftUpdateCheck = 1100;
				LastUpgradeCheck = 1100;
				ORGANIZATIONNAME = "Brent Mifsud";
				TargetAttributes = {
					84397444233A9D1400D8A1B4 = {
						CreatedOnToolsVersion = 11.0;
					};
				};
			};
			buildConfigurationList = 84397440233A9D1300D8A1B4 /* Build configuration list for PBXProject "iAdopt" */;
			compatibilityVersion = "Xcode 11.4";
			developmentRegion = en;
			hasScannedForEncodings = 0;
			knownRegions = (
				en,
				Base,
			);
			mainGroup = 8439743C233A9D1300D8A1B4;
			productRefGroup = 8439743C233A9D1300D8A1B4;
			projectDirPath = "";
			projectRoot = "";
			targets = (
				84397444233A9D1400D8A1B4 /* iAdopt */,
			);
		};
/* End PBXProject section */

/* Begin PBXResourcesBuildPhase section */
		84397443233A9D1400D8A1B4 /* Resources */ = {
			isa = PBXResourcesBuildPhase;
			buildActionMask = 2147483647;
			files = (
				8486D2BD245E22B500F090F8 /* Assets.xcassets in Resources */,
				8486D2B7245E225700F090F8 /* LaunchScreen.storyboard in Resources */,
				8486D2B8245E225700F090F8 /* Main.storyboard in Resources */,
			);
			runOnlyForDeploymentPostprocessing = 0;
		};
/* End PBXResourcesBuildPhase section */

/* Begin PBXSourcesBuildPhase section */
		84397441233A9D1400D8A1B4 /* Sources */ = {
			isa = PBXSourcesBuildPhase;
			buildActionMask = 2147483647;
			files = (
				8486D2BC245E22A000F090F8 /* SceneDelegate.swift in Sources */,
				8486D2B6245E221E00F090F8 /* AppDelegate.swift in Sources */,
				8486D29B245E21BB00F090F8 /* HomePageViewController.swift in Sources */,
				8486D29C245E21BB00F090F8 /* PetDetailsViewController.swift in Sources */,
				8486D29D245E21BB00F090F8 /* PetDetailsViewController+CollectionView.swift in Sources */,
				8486D29E245E21BB00F090F8 /* PetDetailsViewController+MapView.swift in Sources */,
				8486D29F245E21BB00F090F8 /* PetDetailsViewController+CoreData.swift in Sources */,
				8486D2A0245E21BB00F090F8 /* FavoritesViewController.swift in Sources */,
				8486D2A1245E21BB00F090F8 /* FavoritesViewController+TableView.swift in Sources */,
				8486D2A2245E21BB00F090F8 /* FavoritesViewController+CoreData.swift in Sources */,
				8486D2A3245E21BB00F090F8 /* PetSearchResultsViewController+UITableView.swift in Sources */,
				8486D2A4245E21BB00F090F8 /* PetSearchResultsViewController+CoreData.swift in Sources */,
				8486D2A5245E21BB00F090F8 /* PetSearchResultsViewController.swift in Sources */,
				8486D2A6245E21BB00F090F8 /* PetSearchViewController.swift in Sources */,
				8486D2A7245E21BB00F090F8 /* PetFavoriteStoreProtocol.swift in Sources */,
				8486D2A8245E21BB00F090F8 /* DataController.swift in Sources */,
				8486D2A9245E21BB00F090F8 /* PetFavoriteStore.swift in Sources */,
				8486D2AA245E21BB00F090F8 /* SearchResults.swift in Sources */,
				8486D2AB245E21BB00F090F8 /* iAdopt.xcdatamodeld in Sources */,
				8486D2AC245E21BB00F090F8 /* Constants.swift in Sources */,
				8486D2AD245E21BB00F090F8 /* PetTableViewCell.swift in Sources */,
				8486D2AE245E21BB00F090F8 /* PetTableViewCell.xib in Sources */,
				8486D2AF245E21BB00F090F8 /* PetCollectionViewCell.swift in Sources */,
				8486D2B0245E21BB00F090F8 /* PetCollectionViewCell.xib in Sources */,
				8486D2B1245E21BB00F090F8 /* UIViewController+Extension.swift in Sources */,
				8486D2B2245E21BB00F090F8 /* MKMapView+Extensions.swift in Sources */,
				8486D294245E21AB00F090F8 /* Pet.swift in Sources */,
				8486D295245E21AB00F090F8 /* Breed.swift in Sources */,
				8486D296245E21AB00F090F8 /* GetYourPetErrorResponse.swift in Sources */,
				8486D297245E21AB00F090F8 /* GetYourPetRequest.swift in Sources */,
				8486D298245E21AB00F090F8 /* GetYourPetClient+Constants.swift in Sources */,
				8486D299245E21AB00F090F8 /* GetYourPetClientProtocol.swift in Sources */,
				8486D29A245E21AB00F090F8 /* GetYourPetClient.swift in Sources */,
				8486D290245E21A500F090F8 /* HttpClient+Constants.swift in Sources */,
				8486D291245E21A500F090F8 /* HttpClient.swift in Sources */,
				8486D292245E21A500F090F8 /* HttpClientProtocol.swift in Sources */,
				8486D293245E21A500F090F8 /* HTTPError.swift in Sources */,
			);
			runOnlyForDeploymentPostprocessing = 0;
		};
/* End PBXSourcesBuildPhase section */

/* Begin PBXVariantGroup section */
		8486D256245E210E00F090F8 /* LaunchScreen.storyboard */ = {
			isa = PBXVariantGroup;
			children = (
				8486D257245E210E00F090F8 /* Base */,
			);
			name = LaunchScreen.storyboard;
			sourceTree = "<group>";
		};
		8486D258245E210E00F090F8 /* Main.storyboard */ = {
			isa = PBXVariantGroup;
			children = (
				8486D259245E210E00F090F8 /* Base */,
			);
			name = Main.storyboard;
			sourceTree = "<group>";
		};
/* End PBXVariantGroup section */

/* Begin XCBuildConfiguration section */
		8439745A233A9D1500D8A1B4 /* Debug */ = {
			isa = XCBuildConfiguration;
			buildSettings = {
				ALWAYS_SEARCH_USER_PATHS = NO;
				CLANG_ANALYZER_NONNULL = YES;
				CLANG_ANALYZER_NUMBER_OBJECT_CONVERSION = YES_AGGRESSIVE;
				CLANG_CXX_LANGUAGE_STANDARD = "gnu++14";
				CLANG_CXX_LIBRARY = "libc++";
				CLANG_ENABLE_MODULES = YES;
				CLANG_ENABLE_OBJC_ARC = YES;
				CLANG_ENABLE_OBJC_WEAK = YES;
				CLANG_WARN_BLOCK_CAPTURE_AUTORELEASING = YES;
				CLANG_WARN_BOOL_CONVERSION = YES;
				CLANG_WARN_COMMA = YES;
				CLANG_WARN_CONSTANT_CONVERSION = YES;
				CLANG_WARN_DEPRECATED_OBJC_IMPLEMENTATIONS = YES;
				CLANG_WARN_DIRECT_OBJC_ISA_USAGE = YES_ERROR;
				CLANG_WARN_DOCUMENTATION_COMMENTS = YES;
				CLANG_WARN_EMPTY_BODY = YES;
				CLANG_WARN_ENUM_CONVERSION = YES;
				CLANG_WARN_INFINITE_RECURSION = YES;
				CLANG_WARN_INT_CONVERSION = YES;
				CLANG_WARN_NON_LITERAL_NULL_CONVERSION = YES;
				CLANG_WARN_OBJC_IMPLICIT_RETAIN_SELF = YES;
				CLANG_WARN_OBJC_LITERAL_CONVERSION = YES;
				CLANG_WARN_OBJC_ROOT_CLASS = YES_ERROR;
				CLANG_WARN_RANGE_LOOP_ANALYSIS = YES;
				CLANG_WARN_STRICT_PROTOTYPES = YES;
				CLANG_WARN_SUSPICIOUS_MOVE = YES;
				CLANG_WARN_UNGUARDED_AVAILABILITY = YES_AGGRESSIVE;
				CLANG_WARN_UNREACHABLE_CODE = YES;
				CLANG_WARN__DUPLICATE_METHOD_MATCH = YES;
				COPY_PHASE_STRIP = NO;
				DEBUG_INFORMATION_FORMAT = dwarf;
				ENABLE_STRICT_OBJC_MSGSEND = YES;
				ENABLE_TESTABILITY = YES;
				GCC_C_LANGUAGE_STANDARD = gnu11;
				GCC_DYNAMIC_NO_PIC = NO;
				GCC_NO_COMMON_BLOCKS = YES;
				GCC_OPTIMIZATION_LEVEL = 0;
				GCC_PREPROCESSOR_DEFINITIONS = (
					"DEBUG=1",
					"$(inherited)",
				);
				GCC_WARN_64_TO_32_BIT_CONVERSION = YES;
				GCC_WARN_ABOUT_RETURN_TYPE = YES_ERROR;
				GCC_WARN_UNDECLARED_SELECTOR = YES;
				GCC_WARN_UNINITIALIZED_AUTOS = YES_AGGRESSIVE;
				GCC_WARN_UNUSED_FUNCTION = YES;
				GCC_WARN_UNUSED_VARIABLE = YES;
				IPHONEOS_DEPLOYMENT_TARGET = 13.4;
				MTL_ENABLE_DEBUG_INFO = INCLUDE_SOURCE;
				MTL_FAST_MATH = YES;
				ONLY_ACTIVE_ARCH = YES;
				SDKROOT = iphoneos;
				SWIFT_ACTIVE_COMPILATION_CONDITIONS = DEBUG;
				SWIFT_OPTIMIZATION_LEVEL = "-Onone";
				SWIFT_VERSION = 5.0;
			};
			name = Debug;
		};
		8439745B233A9D1500D8A1B4 /* Release */ = {
			isa = XCBuildConfiguration;
			buildSettings = {
				ALWAYS_SEARCH_USER_PATHS = NO;
				CLANG_ANALYZER_NONNULL = YES;
				CLANG_ANALYZER_NUMBER_OBJECT_CONVERSION = YES_AGGRESSIVE;
				CLANG_CXX_LANGUAGE_STANDARD = "gnu++14";
				CLANG_CXX_LIBRARY = "libc++";
				CLANG_ENABLE_MODULES = YES;
				CLANG_ENABLE_OBJC_ARC = YES;
				CLANG_ENABLE_OBJC_WEAK = YES;
				CLANG_WARN_BLOCK_CAPTURE_AUTORELEASING = YES;
				CLANG_WARN_BOOL_CONVERSION = YES;
				CLANG_WARN_COMMA = YES;
				CLANG_WARN_CONSTANT_CONVERSION = YES;
				CLANG_WARN_DEPRECATED_OBJC_IMPLEMENTATIONS = YES;
				CLANG_WARN_DIRECT_OBJC_ISA_USAGE = YES_ERROR;
				CLANG_WARN_DOCUMENTATION_COMMENTS = YES;
				CLANG_WARN_EMPTY_BODY = YES;
				CLANG_WARN_ENUM_CONVERSION = YES;
				CLANG_WARN_INFINITE_RECURSION = YES;
				CLANG_WARN_INT_CONVERSION = YES;
				CLANG_WARN_NON_LITERAL_NULL_CONVERSION = YES;
				CLANG_WARN_OBJC_IMPLICIT_RETAIN_SELF = YES;
				CLANG_WARN_OBJC_LITERAL_CONVERSION = YES;
				CLANG_WARN_OBJC_ROOT_CLASS = YES_ERROR;
				CLANG_WARN_RANGE_LOOP_ANALYSIS = YES;
				CLANG_WARN_STRICT_PROTOTYPES = YES;
				CLANG_WARN_SUSPICIOUS_MOVE = YES;
				CLANG_WARN_UNGUARDED_AVAILABILITY = YES_AGGRESSIVE;
				CLANG_WARN_UNREACHABLE_CODE = YES;
				CLANG_WARN__DUPLICATE_METHOD_MATCH = YES;
				COPY_PHASE_STRIP = NO;
				DEBUG_INFORMATION_FORMAT = "dwarf-with-dsym";
				ENABLE_NS_ASSERTIONS = NO;
				ENABLE_STRICT_OBJC_MSGSEND = YES;
				GCC_C_LANGUAGE_STANDARD = gnu11;
				GCC_NO_COMMON_BLOCKS = YES;
				GCC_WARN_64_TO_32_BIT_CONVERSION = YES;
				GCC_WARN_ABOUT_RETURN_TYPE = YES_ERROR;
				GCC_WARN_UNDECLARED_SELECTOR = YES;
				GCC_WARN_UNINITIALIZED_AUTOS = YES_AGGRESSIVE;
				GCC_WARN_UNUSED_FUNCTION = YES;
				GCC_WARN_UNUSED_VARIABLE = YES;
				IPHONEOS_DEPLOYMENT_TARGET = 13.4;
				MTL_ENABLE_DEBUG_INFO = NO;
				MTL_FAST_MATH = YES;
				SDKROOT = iphoneos;
				SWIFT_COMPILATION_MODE = wholemodule;
				SWIFT_OPTIMIZATION_LEVEL = "-O";
				SWIFT_VERSION = 5.0;
				VALIDATE_PRODUCT = YES;
			};
			name = Release;
		};
		8439745D233A9D1500D8A1B4 /* Debug */ = {
			isa = XCBuildConfiguration;
			buildSettings = {
				ASSETCATALOG_COMPILER_APPICON_NAME = AppIcon;
				CODE_SIGN_IDENTITY = "iPhone Distribution";
				CODE_SIGN_STYLE = Manual;
				DEVELOPMENT_TEAM = M5MTT5YDN9;
				INFOPLIST_FILE = iAdopt/Info.plist;
				LD_RUNPATH_SEARCH_PATHS = (
					"$(inherited)",
					"@executable_path/Frameworks",
				);
				PRODUCT_BUNDLE_IDENTIFIER = com.brentmifsud.iadopt;
				PRODUCT_NAME = "$(TARGET_NAME)";
				PROVISIONING_PROFILE_SPECIFIER = iAdopt;
				SWIFT_VERSION = 5.0;
				TARGETED_DEVICE_FAMILY = "1,2";
			};
			name = Debug;
		};
		8439745E233A9D1500D8A1B4 /* Release */ = {
			isa = XCBuildConfiguration;
			buildSettings = {
				ASSETCATALOG_COMPILER_APPICON_NAME = AppIcon;
				CODE_SIGN_IDENTITY = "iPhone Distribution";
				CODE_SIGN_STYLE = Manual;
				DEVELOPMENT_TEAM = M5MTT5YDN9;
				INFOPLIST_FILE = iAdopt/Info.plist;
				LD_RUNPATH_SEARCH_PATHS = (
					"$(inherited)",
					"@executable_path/Frameworks",
				);
				PRODUCT_BUNDLE_IDENTIFIER = com.brentmifsud.iadopt;
				PRODUCT_NAME = "$(TARGET_NAME)";
				PROVISIONING_PROFILE_SPECIFIER = iAdopt;
				SWIFT_VERSION = 5.0;
				TARGETED_DEVICE_FAMILY = "1,2";
			};
			name = Release;
		};
/* End XCBuildConfiguration section */

/* Begin XCConfigurationList section */
		84397440233A9D1300D8A1B4 /* Build configuration list for PBXProject "iAdopt" */ = {
			isa = XCConfigurationList;
			buildConfigurations = (
				8439745A233A9D1500D8A1B4 /* Debug */,
				8439745B233A9D1500D8A1B4 /* Release */,
			);
			defaultConfigurationIsVisible = 0;
			defaultConfigurationName = Release;
		};
		8439745C233A9D1500D8A1B4 /* Build configuration list for PBXNativeTarget "iAdopt" */ = {
			isa = XCConfigurationList;
			buildConfigurations = (
				8439745D233A9D1500D8A1B4 /* Debug */,
				8439745E233A9D1500D8A1B4 /* Release */,
			);
			defaultConfigurationIsVisible = 0;
			defaultConfigurationName = Release;
		};
/* End XCConfigurationList section */

/* Begin XCVersionGroup section */
		8486D27F245E210E00F090F8 /* iAdopt.xcdatamodeld */ = {
			isa = XCVersionGroup;
			children = (
				8486D280245E210E00F090F8 /* iAdopt.xcdatamodel */,
			);
			currentVersion = 8486D280245E210E00F090F8 /* iAdopt.xcdatamodel */;
			path = iAdopt.xcdatamodeld;
			sourceTree = "<group>";
			versionGroupType = wrapper.xcdatamodel;
		};
/* End XCVersionGroup section */
	};
	rootObject = 8439743D233A9D1300D8A1B4 /* Project object */;
}
